// !$*UTF8*$!
{
	archiveVersion = 1;
	classes = {
	};
	objectVersion = 46;
	objects = {

/* Begin PBXBuildFile section */
		4421130A20CFA573002832DB /* AppDelegate.swift in Sources */ = {isa = PBXBuildFile; fileRef = 4421130920CFA573002832DB /* AppDelegate.swift */; };
		4421130C20CFA573002832DB /* ViewController.swift in Sources */ = {isa = PBXBuildFile; fileRef = 4421130B20CFA573002832DB /* ViewController.swift */; };
		4421130F20CFA573002832DB /* Main.storyboard in Resources */ = {isa = PBXBuildFile; fileRef = 4421130D20CFA573002832DB /* Main.storyboard */; };
		4421131220CFA573002832DB /* Project.xcdatamodeld in Sources */ = {isa = PBXBuildFile; fileRef = 4421131020CFA573002832DB /* Project.xcdatamodeld */; };
		4421131420CFA573002832DB /* Assets.xcassets in Resources */ = {isa = PBXBuildFile; fileRef = 4421131320CFA573002832DB /* Assets.xcassets */; };
		4421131720CFA573002832DB /* LaunchScreen.storyboard in Resources */ = {isa = PBXBuildFile; fileRef = 4421131520CFA573002832DB /* LaunchScreen.storyboard */; };
		4421132220CFA574002832DB /* ProjectTests.swift in Sources */ = {isa = PBXBuildFile; fileRef = 4421132120CFA574002832DB /* ProjectTests.swift */; };
		4421132D20CFA574002832DB /* ProjectUITests.swift in Sources */ = {isa = PBXBuildFile; fileRef = 4421132C20CFA574002832DB /* ProjectUITests.swift */; };
		4421133B20D5298B002832DB /* HomeViewController.swift in Sources */ = {isa = PBXBuildFile; fileRef = 4421133A20D5298B002832DB /* HomeViewController.swift */; };
		4421133D20D52B63002832DB /* User.swift in Sources */ = {isa = PBXBuildFile; fileRef = 4421133C20D52B63002832DB /* User.swift */; };
		4421133F20D5399B002832DB /* ListViewController.swift in Sources */ = {isa = PBXBuildFile; fileRef = 4421133E20D5399B002832DB /* ListViewController.swift */; };
		4421134120D53B56002832DB /* NotaViewController.swift in Sources */ = {isa = PBXBuildFile; fileRef = 4421134020D53B56002832DB /* NotaViewController.swift */; };
		4421134320D53B93002832DB /* RankingViewController.swift in Sources */ = {isa = PBXBuildFile; fileRef = 4421134220D53B93002832DB /* RankingViewController.swift */; };
		4421134520D5432F002832DB /* CreateLivroViewController.swift in Sources */ = {isa = PBXBuildFile; fileRef = 4421134420D5432F002832DB /* CreateLivroViewController.swift */; };
		4421134920D5590B002832DB /* DetalhesTableViewCell.swift in Sources */ = {isa = PBXBuildFile; fileRef = 4421134820D5590B002832DB /* DetalhesTableViewCell.swift */; };
		4421134B20D56442002832DB /* CoreDataGeek.swift in Sources */ = {isa = PBXBuildFile; fileRef = 4421134A20D56442002832DB /* CoreDataGeek.swift */; };
		4421134F20D56FD8002832DB /* getLivros.swift in Sources */ = {isa = PBXBuildFile; fileRef = 4421134E20D56FD8002832DB /* getLivros.swift */; };
		4421135120D65D84002832DB /* ListaTableViewCell.swift in Sources */ = {isa = PBXBuildFile; fileRef = 4421135020D65D84002832DB /* ListaTableViewCell.swift */; };
		4421135320D68D52002832DB /* CoreDataLivros.swift in Sources */ = {isa = PBXBuildFile; fileRef = 4421135220D68D52002832DB /* CoreDataLivros.swift */; };
		4421135520D68E31002832DB /* CoreDataSeries.swift in Sources */ = {isa = PBXBuildFile; fileRef = 4421135420D68E31002832DB /* CoreDataSeries.swift */; };
		4421135720D68EFD002832DB /* CoreDataFilmes.swift in Sources */ = {isa = PBXBuildFile; fileRef = 4421135620D68EFD002832DB /* CoreDataFilmes.swift */; };
		4421135920D69033002832DB /* getGeek.swift in Sources */ = {isa = PBXBuildFile; fileRef = 4421135820D69033002832DB /* getGeek.swift */; };
		4421135B20D6907F002832DB /* CreateGeekViewController.swift in Sources */ = {isa = PBXBuildFile; fileRef = 4421135A20D6907F002832DB /* CreateGeekViewController.swift */; };
		4421135D20D6939B002832DB /* DetalhesGeekTableViewCell.swift in Sources */ = {isa = PBXBuildFile; fileRef = 4421135C20D6939B002832DB /* DetalhesGeekTableViewCell.swift */; };
		4421135F20D6B4DF002832DB /* ListSerieViewController.swift in Sources */ = {isa = PBXBuildFile; fileRef = 4421135E20D6B4DF002832DB /* ListSerieViewController.swift */; };
		4421136120D6B517002832DB /* ListaFilmesViewController.swift in Sources */ = {isa = PBXBuildFile; fileRef = 4421136020D6B516002832DB /* ListaFilmesViewController.swift */; };
		4421136320D6B53B002832DB /* ListaLivrosViewController.swift in Sources */ = {isa = PBXBuildFile; fileRef = 4421136220D6B53B002832DB /* ListaLivrosViewController.swift */; };
		4421136520D6B57B002832DB /* getSerie.swift in Sources */ = {isa = PBXBuildFile; fileRef = 4421136420D6B57B002832DB /* getSerie.swift */; };
		4421136720D6B618002832DB /* getFilme.swift in Sources */ = {isa = PBXBuildFile; fileRef = 4421136620D6B618002832DB /* getFilme.swift */; };
		4421136920D6B67A002832DB /* CreateFilmeViewController.swift in Sources */ = {isa = PBXBuildFile; fileRef = 4421136820D6B67A002832DB /* CreateFilmeViewController.swift */; };
		4421136B20D6B695002832DB /* CreateSerieViewController.swift in Sources */ = {isa = PBXBuildFile; fileRef = 4421136A20D6B694002832DB /* CreateSerieViewController.swift */; };
		4421136D20D6C3B7002832DB /* ListaLivrosTableViewCell.swift in Sources */ = {isa = PBXBuildFile; fileRef = 4421136C20D6C3B7002832DB /* ListaLivrosTableViewCell.swift */; };
		4421136F20D6C3E5002832DB /* ListaSerieTableViewCell.swift in Sources */ = {isa = PBXBuildFile; fileRef = 4421136E20D6C3E5002832DB /* ListaSerieTableViewCell.swift */; };
		4421137120D6C409002832DB /* ListaFilmeTableViewCell.swift in Sources */ = {isa = PBXBuildFile; fileRef = 4421137020D6C409002832DB /* ListaFilmeTableViewCell.swift */; };
		4421137320D6E5B8002832DB /* DetalhesSerieTableViewCell.swift in Sources */ = {isa = PBXBuildFile; fileRef = 4421137220D6E5B8002832DB /* DetalhesSerieTableViewCell.swift */; };
/* End PBXBuildFile section */

/* Begin PBXContainerItemProxy section */
		4421131E20CFA574002832DB /* PBXContainerItemProxy */ = {
			isa = PBXContainerItemProxy;
			containerPortal = 442112FE20CFA573002832DB /* Project object */;
			proxyType = 1;
			remoteGlobalIDString = 4421130520CFA573002832DB;
			remoteInfo = Project;
		};
		4421132920CFA574002832DB /* PBXContainerItemProxy */ = {
			isa = PBXContainerItemProxy;
			containerPortal = 442112FE20CFA573002832DB /* Project object */;
			proxyType = 1;
			remoteGlobalIDString = 4421130520CFA573002832DB;
			remoteInfo = Project;
		};
/* End PBXContainerItemProxy section */

/* Begin PBXFileReference section */
		4421130620CFA573002832DB /* Project.app */ = {isa = PBXFileReference; explicitFileType = wrapper.application; includeInIndex = 0; path = Project.app; sourceTree = BUILT_PRODUCTS_DIR; };
		4421130920CFA573002832DB /* AppDelegate.swift */ = {isa = PBXFileReference; lastKnownFileType = sourcecode.swift; path = AppDelegate.swift; sourceTree = "<group>"; };
		4421130B20CFA573002832DB /* ViewController.swift */ = {isa = PBXFileReference; lastKnownFileType = sourcecode.swift; path = ViewController.swift; sourceTree = "<group>"; };
		4421130E20CFA573002832DB /* Base */ = {isa = PBXFileReference; lastKnownFileType = file.storyboard; name = Base; path = Base.lproj/Main.storyboard; sourceTree = "<group>"; };
		4421131120CFA573002832DB /* Project.xcdatamodel */ = {isa = PBXFileReference; lastKnownFileType = wrapper.xcdatamodel; path = Project.xcdatamodel; sourceTree = "<group>"; };
		4421131320CFA573002832DB /* Assets.xcassets */ = {isa = PBXFileReference; lastKnownFileType = folder.assetcatalog; path = Assets.xcassets; sourceTree = "<group>"; };
		4421131620CFA573002832DB /* Base */ = {isa = PBXFileReference; lastKnownFileType = file.storyboard; name = Base; path = Base.lproj/LaunchScreen.storyboard; sourceTree = "<group>"; };
		4421131820CFA573002832DB /* Info.plist */ = {isa = PBXFileReference; lastKnownFileType = text.plist.xml; path = Info.plist; sourceTree = "<group>"; };
		4421131D20CFA574002832DB /* ProjectTests.xctest */ = {isa = PBXFileReference; explicitFileType = wrapper.cfbundle; includeInIndex = 0; path = ProjectTests.xctest; sourceTree = BUILT_PRODUCTS_DIR; };
		4421132120CFA574002832DB /* ProjectTests.swift */ = {isa = PBXFileReference; lastKnownFileType = sourcecode.swift; path = ProjectTests.swift; sourceTree = "<group>"; };
		4421132320CFA574002832DB /* Info.plist */ = {isa = PBXFileReference; lastKnownFileType = text.plist.xml; path = Info.plist; sourceTree = "<group>"; };
		4421132820CFA574002832DB /* ProjectUITests.xctest */ = {isa = PBXFileReference; explicitFileType = wrapper.cfbundle; includeInIndex = 0; path = ProjectUITests.xctest; sourceTree = BUILT_PRODUCTS_DIR; };
		4421132C20CFA574002832DB /* ProjectUITests.swift */ = {isa = PBXFileReference; lastKnownFileType = sourcecode.swift; path = ProjectUITests.swift; sourceTree = "<group>"; };
		4421132E20CFA574002832DB /* Info.plist */ = {isa = PBXFileReference; lastKnownFileType = text.plist.xml; path = Info.plist; sourceTree = "<group>"; };
		4421133A20D5298B002832DB /* HomeViewController.swift */ = {isa = PBXFileReference; fileEncoding = 4; lastKnownFileType = sourcecode.swift; path = HomeViewController.swift; sourceTree = "<group>"; };
		4421133C20D52B63002832DB /* User.swift */ = {isa = PBXFileReference; fileEncoding = 4; lastKnownFileType = sourcecode.swift; path = User.swift; sourceTree = "<group>"; };
		4421133E20D5399B002832DB /* ListViewController.swift */ = {isa = PBXFileReference; fileEncoding = 4; lastKnownFileType = sourcecode.swift; path = ListViewController.swift; sourceTree = "<group>"; };
		4421134020D53B56002832DB /* NotaViewController.swift */ = {isa = PBXFileReference; fileEncoding = 4; lastKnownFileType = sourcecode.swift; path = NotaViewController.swift; sourceTree = "<group>"; };
		4421134220D53B93002832DB /* RankingViewController.swift */ = {isa = PBXFileReference; fileEncoding = 4; lastKnownFileType = sourcecode.swift; path = RankingViewController.swift; sourceTree = "<group>"; };
		4421134420D5432F002832DB /* CreateLivroViewController.swift */ = {isa = PBXFileReference; fileEncoding = 4; lastKnownFileType = sourcecode.swift; path = CreateLivroViewController.swift; sourceTree = "<group>"; };
		4421134820D5590B002832DB /* DetalhesTableViewCell.swift */ = {isa = PBXFileReference; fileEncoding = 4; lastKnownFileType = sourcecode.swift; name = DetalhesTableViewCell.swift; path = ../DetalhesTableViewCell.swift; sourceTree = "<group>"; };
		4421134A20D56442002832DB /* CoreDataGeek.swift */ = {isa = PBXFileReference; fileEncoding = 4; lastKnownFileType = sourcecode.swift; path = CoreDataGeek.swift; sourceTree = "<group>"; };
		4421134E20D56FD8002832DB /* getLivros.swift */ = {isa = PBXFileReference; fileEncoding = 4; lastKnownFileType = sourcecode.swift; path = getLivros.swift; sourceTree = "<group>"; };
		4421135020D65D84002832DB /* ListaTableViewCell.swift */ = {isa = PBXFileReference; fileEncoding = 4; lastKnownFileType = sourcecode.swift; path = ListaTableViewCell.swift; sourceTree = "<group>"; };
		4421135220D68D52002832DB /* CoreDataLivros.swift */ = {isa = PBXFileReference; fileEncoding = 4; lastKnownFileType = sourcecode.swift; path = CoreDataLivros.swift; sourceTree = "<group>"; };
		4421135420D68E31002832DB /* CoreDataSeries.swift */ = {isa = PBXFileReference; fileEncoding = 4; lastKnownFileType = sourcecode.swift; path = CoreDataSeries.swift; sourceTree = "<group>"; };
		4421135620D68EFD002832DB /* CoreDataFilmes.swift */ = {isa = PBXFileReference; fileEncoding = 4; lastKnownFileType = sourcecode.swift; path = CoreDataFilmes.swift; sourceTree = "<group>"; };
		4421135820D69033002832DB /* getGeek.swift */ = {isa = PBXFileReference; fileEncoding = 4; lastKnownFileType = sourcecode.swift; path = getGeek.swift; sourceTree = "<group>"; };
		4421135A20D6907F002832DB /* CreateGeekViewController.swift */ = {isa = PBXFileReference; fileEncoding = 4; lastKnownFileType = sourcecode.swift; path = CreateGeekViewController.swift; sourceTree = "<group>"; };
		4421135C20D6939B002832DB /* DetalhesGeekTableViewCell.swift */ = {isa = PBXFileReference; fileEncoding = 4; lastKnownFileType = sourcecode.swift; path = DetalhesGeekTableViewCell.swift; sourceTree = "<group>"; };
		4421135E20D6B4DF002832DB /* ListSerieViewController.swift */ = {isa = PBXFileReference; fileEncoding = 4; lastKnownFileType = sourcecode.swift; path = ListSerieViewController.swift; sourceTree = "<group>"; };
		4421136020D6B516002832DB /* ListaFilmesViewController.swift */ = {isa = PBXFileReference; fileEncoding = 4; lastKnownFileType = sourcecode.swift; path = ListaFilmesViewController.swift; sourceTree = "<group>"; };
		4421136220D6B53B002832DB /* ListaLivrosViewController.swift */ = {isa = PBXFileReference; fileEncoding = 4; lastKnownFileType = sourcecode.swift; path = ListaLivrosViewController.swift; sourceTree = "<group>"; };
		4421136420D6B57B002832DB /* getSerie.swift */ = {isa = PBXFileReference; fileEncoding = 4; lastKnownFileType = sourcecode.swift; path = getSerie.swift; sourceTree = "<group>"; };
		4421136620D6B618002832DB /* getFilme.swift */ = {isa = PBXFileReference; fileEncoding = 4; lastKnownFileType = sourcecode.swift; path = getFilme.swift; sourceTree = "<group>"; };
		4421136820D6B67A002832DB /* CreateFilmeViewController.swift */ = {isa = PBXFileReference; fileEncoding = 4; lastKnownFileType = sourcecode.swift; path = CreateFilmeViewController.swift; sourceTree = "<group>"; };
		4421136A20D6B694002832DB /* CreateSerieViewController.swift */ = {isa = PBXFileReference; fileEncoding = 4; lastKnownFileType = sourcecode.swift; path = CreateSerieViewController.swift; sourceTree = "<group>"; };
		4421136C20D6C3B7002832DB /* ListaLivrosTableViewCell.swift */ = {isa = PBXFileReference; fileEncoding = 4; lastKnownFileType = sourcecode.swift; path = ListaLivrosTableViewCell.swift; sourceTree = "<group>"; };
		4421136E20D6C3E5002832DB /* ListaSerieTableViewCell.swift */ = {isa = PBXFileReference; fileEncoding = 4; lastKnownFileType = sourcecode.swift; path = ListaSerieTableViewCell.swift; sourceTree = "<group>"; };
		4421137020D6C409002832DB /* ListaFilmeTableViewCell.swift */ = {isa = PBXFileReference; fileEncoding = 4; lastKnownFileType = sourcecode.swift; path = ListaFilmeTableViewCell.swift; sourceTree = "<group>"; };
		4421137220D6E5B8002832DB /* DetalhesSerieTableViewCell.swift */ = {isa = PBXFileReference; fileEncoding = 4; lastKnownFileType = sourcecode.swift; path = DetalhesSerieTableViewCell.swift; sourceTree = "<group>"; };
/* End PBXFileReference section */

/* Begin PBXFrameworksBuildPhase section */
		4421130320CFA573002832DB /* Frameworks */ = {
			isa = PBXFrameworksBuildPhase;
			buildActionMask = 2147483647;
			files = (
			);
			runOnlyForDeploymentPostprocessing = 0;
		};
		4421131A20CFA574002832DB /* Frameworks */ = {
			isa = PBXFrameworksBuildPhase;
			buildActionMask = 2147483647;
			files = (
			);
			runOnlyForDeploymentPostprocessing = 0;
		};
		4421132520CFA574002832DB /* Frameworks */ = {
			isa = PBXFrameworksBuildPhase;
			buildActionMask = 2147483647;
			files = (
			);
			runOnlyForDeploymentPostprocessing = 0;
		};
/* End PBXFrameworksBuildPhase section */

/* Begin PBXGroup section */
		442112FD20CFA573002832DB = {
			isa = PBXGroup;
			children = (
				4421130820CFA573002832DB /* Project */,
				4421132020CFA574002832DB /* ProjectTests */,
				4421132B20CFA574002832DB /* ProjectUITests */,
				4421130720CFA573002832DB /* Products */,
			);
			sourceTree = "<group>";
		};
		4421130720CFA573002832DB /* Products */ = {
			isa = PBXGroup;
			children = (
				4421130620CFA573002832DB /* Project.app */,
				4421131D20CFA574002832DB /* ProjectTests.xctest */,
				4421132820CFA574002832DB /* ProjectUITests.xctest */,
			);
			name = Products;
			sourceTree = "<group>";
		};
		4421130820CFA573002832DB /* Project */ = {
			isa = PBXGroup;
			children = (
				4421130920CFA573002832DB /* AppDelegate.swift */,
				4421130B20CFA573002832DB /* ViewController.swift */,
				4421130D20CFA573002832DB /* Main.storyboard */,
				4421137220D6E5B8002832DB /* DetalhesSerieTableViewCell.swift */,
				4421135C20D6939B002832DB /* DetalhesGeekTableViewCell.swift */,
				4421134820D5590B002832DB /* DetalhesTableViewCell.swift */,
				4421135E20D6B4DF002832DB /* ListSerieViewController.swift */,
				4421136020D6B516002832DB /* ListaFilmesViewController.swift */,
				4421136220D6B53B002832DB /* ListaLivrosViewController.swift */,
				4421136420D6B57B002832DB /* getSerie.swift */,
				4421136620D6B618002832DB /* getFilme.swift */,
				4421136820D6B67A002832DB /* CreateFilmeViewController.swift */,
				4421136A20D6B694002832DB /* CreateSerieViewController.swift */,
				4421136C20D6C3B7002832DB /* ListaLivrosTableViewCell.swift */,
				4421136E20D6C3E5002832DB /* ListaSerieTableViewCell.swift */,
				4421137020D6C409002832DB /* ListaFilmeTableViewCell.swift */,
				4421135020D65D84002832DB /* ListaTableViewCell.swift */,
				4421133A20D5298B002832DB /* HomeViewController.swift */,
				4421133C20D52B63002832DB /* User.swift */,
				4421133E20D5399B002832DB /* ListViewController.swift */,
				4421134E20D56FD8002832DB /* getLivros.swift */,
				4421135820D69033002832DB /* getGeek.swift */,
				4421134020D53B56002832DB /* NotaViewController.swift */,
				4421134220D53B93002832DB /* RankingViewController.swift */,
				4421134420D5432F002832DB /* CreateLivroViewController.swift */,
				4421135A20D6907F002832DB /* CreateGeekViewController.swift */,
				4421131320CFA573002832DB /* Assets.xcassets */,
				4421131520CFA573002832DB /* LaunchScreen.storyboard */,
				4421131820CFA573002832DB /* Info.plist */,
				4421131020CFA573002832DB /* Project.xcdatamodeld */,
				4421134A20D56442002832DB /* CoreDataGeek.swift */,
				4421135220D68D52002832DB /* CoreDataLivros.swift */,
				4421135420D68E31002832DB /* CoreDataSeries.swift */,
				4421135620D68EFD002832DB /* CoreDataFilmes.swift */,
			);
			path = Project;
			sourceTree = "<group>";
		};
		4421132020CFA574002832DB /* ProjectTests */ = {
			isa = PBXGroup;
			children = (
				4421132120CFA574002832DB /* ProjectTests.swift */,
				4421132320CFA574002832DB /* Info.plist */,
			);
			path = ProjectTests;
			sourceTree = "<group>";
		};
		4421132B20CFA574002832DB /* ProjectUITests */ = {
			isa = PBXGroup;
			children = (
				4421132C20CFA574002832DB /* ProjectUITests.swift */,
				4421132E20CFA574002832DB /* Info.plist */,
			);
			path = ProjectUITests;
			sourceTree = "<group>";
		};
/* End PBXGroup section */

/* Begin PBXNativeTarget section */
		4421130520CFA573002832DB /* Project */ = {
			isa = PBXNativeTarget;
			buildConfigurationList = 4421133120CFA574002832DB /* Build configuration list for PBXNativeTarget "Project" */;
			buildPhases = (
				4421130220CFA573002832DB /* Sources */,
				4421130320CFA573002832DB /* Frameworks */,
				4421130420CFA573002832DB /* Resources */,
			);
			buildRules = (
			);
			dependencies = (
			);
			name = Project;
			productName = Project;
			productReference = 4421130620CFA573002832DB /* Project.app */;
			productType = "com.apple.product-type.application";
		};
		4421131C20CFA574002832DB /* ProjectTests */ = {
			isa = PBXNativeTarget;
			buildConfigurationList = 4421133420CFA574002832DB /* Build configuration list for PBXNativeTarget "ProjectTests" */;
			buildPhases = (
				4421131920CFA574002832DB /* Sources */,
				4421131A20CFA574002832DB /* Frameworks */,
				4421131B20CFA574002832DB /* Resources */,
			);
			buildRules = (
			);
			dependencies = (
				4421131F20CFA574002832DB /* PBXTargetDependency */,
			);
			name = ProjectTests;
			productName = ProjectTests;
			productReference = 4421131D20CFA574002832DB /* ProjectTests.xctest */;
			productType = "com.apple.product-type.bundle.unit-test";
		};
		4421132720CFA574002832DB /* ProjectUITests */ = {
			isa = PBXNativeTarget;
			buildConfigurationList = 4421133720CFA574002832DB /* Build configuration list for PBXNativeTarget "ProjectUITests" */;
			buildPhases = (
				4421132420CFA574002832DB /* Sources */,
				4421132520CFA574002832DB /* Frameworks */,
				4421132620CFA574002832DB /* Resources */,
			);
			buildRules = (
			);
			dependencies = (
				4421132A20CFA574002832DB /* PBXTargetDependency */,
			);
			name = ProjectUITests;
			productName = ProjectUITests;
			productReference = 4421132820CFA574002832DB /* ProjectUITests.xctest */;
			productType = "com.apple.product-type.bundle.ui-testing";
		};
/* End PBXNativeTarget section */

/* Begin PBXProject section */
		442112FE20CFA573002832DB /* Project object */ = {
			isa = PBXProject;
			attributes = {
				LastSwiftUpdateCheck = 0820;
				LastUpgradeCheck = 0820;
				ORGANIZATIONNAME = "Sunara Alícia Lins e Silva";
				TargetAttributes = {
					4421130520CFA573002832DB = {
						CreatedOnToolsVersion = 8.2;
						ProvisioningStyle = Automatic;
					};
					4421131C20CFA574002832DB = {
						CreatedOnToolsVersion = 8.2;
						ProvisioningStyle = Automatic;
						TestTargetID = 4421130520CFA573002832DB;
					};
					4421132720CFA574002832DB = {
						CreatedOnToolsVersion = 8.2;
						ProvisioningStyle = Automatic;
						TestTargetID = 4421130520CFA573002832DB;
					};
				};
			};
			buildConfigurationList = 4421130120CFA573002832DB /* Build configuration list for PBXProject "Project" */;
			compatibilityVersion = "Xcode 3.2";
			developmentRegion = English;
			hasScannedForEncodings = 0;
			knownRegions = (
				en,
				Base,
			);
			mainGroup = 442112FD20CFA573002832DB;
			productRefGroup = 4421130720CFA573002832DB /* Products */;
			projectDirPath = "";
			projectRoot = "";
			targets = (
				4421130520CFA573002832DB /* Project */,
				4421131C20CFA574002832DB /* ProjectTests */,
				4421132720CFA574002832DB /* ProjectUITests */,
			);
		};
/* End PBXProject section */

/* Begin PBXResourcesBuildPhase section */
		4421130420CFA573002832DB /* Resources */ = {
			isa = PBXResourcesBuildPhase;
			buildActionMask = 2147483647;
			files = (
				4421131720CFA573002832DB /* LaunchScreen.storyboard in Resources */,
				4421131420CFA573002832DB /* Assets.xcassets in Resources */,
				4421130F20CFA573002832DB /* Main.storyboard in Resources */,
			);
			runOnlyForDeploymentPostprocessing = 0;
		};
		4421131B20CFA574002832DB /* Resources */ = {
			isa = PBXResourcesBuildPhase;
			buildActionMask = 2147483647;
			files = (
			);
			runOnlyForDeploymentPostprocessing = 0;
		};
		4421132620CFA574002832DB /* Resources */ = {
			isa = PBXResourcesBuildPhase;
			buildActionMask = 2147483647;
			files = (
			);
			runOnlyForDeploymentPostprocessing = 0;
		};
/* End PBXResourcesBuildPhase section */

/* Begin PBXSourcesBuildPhase section */
		4421130220CFA573002832DB /* Sources */ = {
			isa = PBXSourcesBuildPhase;
			buildActionMask = 2147483647;
			files = (
				4421130C20CFA573002832DB /* ViewController.swift in Sources */,
				4421134F20D56FD8002832DB /* getLivros.swift in Sources */,
				4421136520D6B57B002832DB /* getSerie.swift in Sources */,
				4421135720D68EFD002832DB /* CoreDataFilmes.swift in Sources */,
				4421131220CFA573002832DB /* Project.xcdatamodeld in Sources */,
				4421133F20D5399B002832DB /* ListViewController.swift in Sources */,
				4421136720D6B618002832DB /* getFilme.swift in Sources */,
				4421135D20D6939B002832DB /* DetalhesGeekTableViewCell.swift in Sources */,
				4421134520D5432F002832DB /* CreateLivroViewController.swift in Sources */,
				4421135B20D6907F002832DB /* CreateGeekViewController.swift in Sources */,
				4421135320D68D52002832DB /* CoreDataLivros.swift in Sources */,
				4421136B20D6B695002832DB /* CreateSerieViewController.swift in Sources */,
				4421130A20CFA573002832DB /* AppDelegate.swift in Sources */,
				4421134B20D56442002832DB /* CoreDataGeek.swift in Sources */,
				4421135F20D6B4DF002832DB /* ListSerieViewController.swift in Sources */,
				4421133D20D52B63002832DB /* User.swift in Sources */,
				4421136320D6B53B002832DB /* ListaLivrosViewController.swift in Sources */,
				4421135520D68E31002832DB /* CoreDataSeries.swift in Sources */,
				4421135920D69033002832DB /* getGeek.swift in Sources */,
				4421135120D65D84002832DB /* ListaTableViewCell.swift in Sources */,
				4421137320D6E5B8002832DB /* DetalhesSerieTableViewCell.swift in Sources */,
				4421136F20D6C3E5002832DB /* ListaSerieTableViewCell.swift in Sources */,
				4421136D20D6C3B7002832DB /* ListaLivrosTableViewCell.swift in Sources */,
				4421137120D6C409002832DB /* ListaFilmeTableViewCell.swift in Sources */,
				4421133B20D5298B002832DB /* HomeViewController.swift in Sources */,
				4421136120D6B517002832DB /* ListaFilmesViewController.swift in Sources */,
				4421136920D6B67A002832DB /* CreateFilmeViewController.swift in Sources */,
				4421134920D5590B002832DB /* DetalhesTableViewCell.swift in Sources */,
				4421134120D53B56002832DB /* NotaViewController.swift in Sources */,
				4421134320D53B93002832DB /* RankingViewController.swift in Sources */,
			);
			runOnlyForDeploymentPostprocessing = 0;
		};
		4421131920CFA574002832DB /* Sources */ = {
			isa = PBXSourcesBuildPhase;
			buildActionMask = 2147483647;
			files = (
				4421132220CFA574002832DB /* ProjectTests.swift in Sources */,
			);
			runOnlyForDeploymentPostprocessing = 0;
		};
		4421132420CFA574002832DB /* Sources */ = {
			isa = PBXSourcesBuildPhase;
			buildActionMask = 2147483647;
			files = (
				4421132D20CFA574002832DB /* ProjectUITests.swift in Sources */,
			);
			runOnlyForDeploymentPostprocessing = 0;
		};
/* End PBXSourcesBuildPhase section */

/* Begin PBXTargetDependency section */
		4421131F20CFA574002832DB /* PBXTargetDependency */ = {
			isa = PBXTargetDependency;
			target = 4421130520CFA573002832DB /* Project */;
			targetProxy = 4421131E20CFA574002832DB /* PBXContainerItemProxy */;
		};
		4421132A20CFA574002832DB /* PBXTargetDependency */ = {
			isa = PBXTargetDependency;
			target = 4421130520CFA573002832DB /* Project */;
			targetProxy = 4421132920CFA574002832DB /* PBXContainerItemProxy */;
		};
/* End PBXTargetDependency section */

/* Begin PBXVariantGroup section */
		4421130D20CFA573002832DB /* Main.storyboard */ = {
			isa = PBXVariantGroup;
			children = (
				4421130E20CFA573002832DB /* Base */,
			);
			name = Main.storyboard;
			sourceTree = "<group>";
		};
		4421131520CFA573002832DB /* LaunchScreen.storyboard */ = {
			isa = PBXVariantGroup;
			children = (
				4421131620CFA573002832DB /* Base */,
			);
			name = LaunchScreen.storyboard;
			sourceTree = "<group>";
		};
/* End PBXVariantGroup section */

/* Begin XCBuildConfiguration section */
		4421132F20CFA574002832DB /* Debug */ = {
			isa = XCBuildConfiguration;
			buildSettings = {
				ALWAYS_SEARCH_USER_PATHS = NO;
				CLANG_ANALYZER_NONNULL = YES;
				CLANG_CXX_LANGUAGE_STANDARD = "gnu++0x";
				CLANG_CXX_LIBRARY = "libc++";
				CLANG_ENABLE_MODULES = YES;
				CLANG_ENABLE_OBJC_ARC = YES;
				CLANG_WARN_BOOL_CONVERSION = YES;
				CLANG_WARN_CONSTANT_CONVERSION = YES;
				CLANG_WARN_DIRECT_OBJC_ISA_USAGE = YES_ERROR;
				CLANG_WARN_DOCUMENTATION_COMMENTS = YES;
				CLANG_WARN_EMPTY_BODY = YES;
				CLANG_WARN_ENUM_CONVERSION = YES;
				CLANG_WARN_INFINITE_RECURSION = YES;
				CLANG_WARN_INT_CONVERSION = YES;
				CLANG_WARN_OBJC_ROOT_CLASS = YES_ERROR;
				CLANG_WARN_SUSPICIOUS_MOVE = YES;
				CLANG_WARN_UNREACHABLE_CODE = YES;
				CLANG_WARN__DUPLICATE_METHOD_MATCH = YES;
				"CODE_SIGN_IDENTITY[sdk=iphoneos*]" = "iPhone Developer";
				COPY_PHASE_STRIP = NO;
				DEBUG_INFORMATION_FORMAT = dwarf;
				ENABLE_STRICT_OBJC_MSGSEND = YES;
				ENABLE_TESTABILITY = YES;
				GCC_C_LANGUAGE_STANDARD = gnu99;
				GCC_DYNAMIC_NO_PIC = NO;
				GCC_NO_COMMON_BLOCKS = YES;
				GCC_OPTIMIZATION_LEVEL = 0;
				GCC_PREPROCESSOR_DEFINITIONS = (
					"DEBUG=1",
					"$(inherited)",
				);
				GCC_WARN_64_TO_32_BIT_CONVERSION = YES;
				GCC_WARN_ABOUT_RETURN_TYPE = YES_ERROR;
				GCC_WARN_UNDECLARED_SELECTOR = YES;
				GCC_WARN_UNINITIALIZED_AUTOS = YES_AGGRESSIVE;
				GCC_WARN_UNUSED_FUNCTION = YES;
				GCC_WARN_UNUSED_VARIABLE = YES;
				IPHONEOS_DEPLOYMENT_TARGET = 10.2;
				MTL_ENABLE_DEBUG_INFO = YES;
				ONLY_ACTIVE_ARCH = YES;
				SDKROOT = iphoneos;
				SWIFT_ACTIVE_COMPILATION_CONDITIONS = DEBUG;
				SWIFT_OPTIMIZATION_LEVEL = "-Onone";
				TARGETED_DEVICE_FAMILY = "1,2";
			};
			name = Debug;
		};
		4421133020CFA574002832DB /* Release */ = {
			isa = XCBuildConfiguration;
			buildSettings = {
				ALWAYS_SEARCH_USER_PATHS = NO;
				CLANG_ANALYZER_NONNULL = YES;
				CLANG_CXX_LANGUAGE_STANDARD = "gnu++0x";
				CLANG_CXX_LIBRARY = "libc++";
				CLANG_ENABLE_MODULES = YES;
				CLANG_ENABLE_OBJC_ARC = YES;
				CLANG_WARN_BOOL_CONVERSION = YES;
				CLANG_WARN_CONSTANT_CONVERSION = YES;
				CLANG_WARN_DIRECT_OBJC_ISA_USAGE = YES_ERROR;
				CLANG_WARN_DOCUMENTATION_COMMENTS = YES;
				CLANG_WARN_EMPTY_BODY = YES;
				CLANG_WARN_ENUM_CONVERSION = YES;
				CLANG_WARN_INFINITE_RECURSION = YES;
				CLANG_WARN_INT_CONVERSION = YES;
				CLANG_WARN_OBJC_ROOT_CLASS = YES_ERROR;
				CLANG_WARN_SUSPICIOUS_MOVE = YES;
				CLANG_WARN_UNREACHABLE_CODE = YES;
				CLANG_WARN__DUPLICATE_METHOD_MATCH = YES;
				"CODE_SIGN_IDENTITY[sdk=iphoneos*]" = "iPhone Developer";
				COPY_PHASE_STRIP = NO;
				DEBUG_INFORMATION_FORMAT = "dwarf-with-dsym";
				ENABLE_NS_ASSERTIONS = NO;
				ENABLE_STRICT_OBJC_MSGSEND = YES;
				GCC_C_LANGUAGE_STANDARD = gnu99;
				GCC_NO_COMMON_BLOCKS = YES;
				GCC_WARN_64_TO_32_BIT_CONVERSION = YES;
				GCC_WARN_ABOUT_RETURN_TYPE = YES_ERROR;
				GCC_WARN_UNDECLARED_SELECTOR = YES;
				GCC_WARN_UNINITIALIZED_AUTOS = YES_AGGRESSIVE;
				GCC_WARN_UNUSED_FUNCTION = YES;
				GCC_WARN_UNUSED_VARIABLE = YES;
				IPHONEOS_DEPLOYMENT_TARGET = 10.2;
				MTL_ENABLE_DEBUG_INFO = NO;
				SDKROOT = iphoneos;
				SWIFT_OPTIMIZATION_LEVEL = "-Owholemodule";
				TARGETED_DEVICE_FAMILY = "1,2";
				VALIDATE_PRODUCT = YES;
			};
			name = Release;
		};
		4421133220CFA574002832DB /* Debug */ = {
			isa = XCBuildConfiguration;
			buildSettings = {
				ASSETCATALOG_COMPILER_APPICON_NAME = AppIcon;
				INFOPLIST_FILE = Project/Info.plist;
				LD_RUNPATH_SEARCH_PATHS = "$(inherited) @executable_path/Frameworks";
				PRODUCT_BUNDLE_IDENTIFIER = Estudent.Project;
				PRODUCT_NAME = "$(TARGET_NAME)";
				SWIFT_VERSION = 3.0;
			};
			name = Debug;
		};
		4421133320CFA574002832DB /* Release */ = {
			isa = XCBuildConfiguration;
			buildSettings = {
				ASSETCATALOG_COMPILER_APPICON_NAME = AppIcon;
				INFOPLIST_FILE = Project/Info.plist;
				LD_RUNPATH_SEARCH_PATHS = "$(inherited) @executable_path/Frameworks";
				PRODUCT_BUNDLE_IDENTIFIER = Estudent.Project;
				PRODUCT_NAME = "$(TARGET_NAME)";
				SWIFT_VERSION = 3.0;
			};
			name = Release;
		};
		4421133520CFA574002832DB /* Debug */ = {
			isa = XCBuildConfiguration;
			buildSettings = {
				ALWAYS_EMBED_SWIFT_STANDARD_LIBRARIES = YES;
				BUNDLE_LOADER = "$(TEST_HOST)";
				INFOPLIST_FILE = ProjectTests/Info.plist;
				LD_RUNPATH_SEARCH_PATHS = "$(inherited) @executable_path/Frameworks @loader_path/Frameworks";
				PRODUCT_BUNDLE_IDENTIFIER = Estudent.ProjectTests;
				PRODUCT_NAME = "$(TARGET_NAME)";
				SWIFT_VERSION = 3.0;
				TEST_HOST = "$(BUILT_PRODUCTS_DIR)/Project.app/Project";
			};
			name = Debug;
		};
		4421133620CFA574002832DB /* Release */ = {
			isa = XCBuildConfiguration;
			buildSettings = {
				ALWAYS_EMBED_SWIFT_STANDARD_LIBRARIES = YES;
				BUNDLE_LOADER = "$(TEST_HOST)";
				INFOPLIST_FILE = ProjectTests/Info.plist;
				LD_RUNPATH_SEARCH_PATHS = "$(inherited) @executable_path/Frameworks @loader_path/Frameworks";
				PRODUCT_BUNDLE_IDENTIFIER = Estudent.ProjectTests;
				PRODUCT_NAME = "$(TARGET_NAME)";
				SWIFT_VERSION = 3.0;
				TEST_HOST = "$(BUILT_PRODUCTS_DIR)/Project.app/Project";
			};
			name = Release;
		};
		4421133820CFA574002832DB /* Debug */ = {
			isa = XCBuildConfiguration;
			buildSettings = {
				ALWAYS_EMBED_SWIFT_STANDARD_LIBRARIES = YES;
				INFOPLIST_FILE = ProjectUITests/Info.plist;
				LD_RUNPATH_SEARCH_PATHS = "$(inherited) @executable_path/Frameworks @loader_path/Frameworks";
				PRODUCT_BUNDLE_IDENTIFIER = Estudent.ProjectUITests;
				PRODUCT_NAME = "$(TARGET_NAME)";
				SWIFT_VERSION = 3.0;
				TEST_TARGET_NAME = Project;
			};
			name = Debug;
		};
		4421133920CFA574002832DB /* Release */ = {
			isa = XCBuildConfiguration;
			buildSettings = {
				ALWAYS_EMBED_SWIFT_STANDARD_LIBRARIES = YES;
				INFOPLIST_FILE = ProjectUITests/Info.plist;
				LD_RUNPATH_SEARCH_PATHS = "$(inherited) @executable_path/Frameworks @loader_path/Frameworks";
				PRODUCT_BUNDLE_IDENTIFIER = Estudent.ProjectUITests;
				PRODUCT_NAME = "$(TARGET_NAME)";
				SWIFT_VERSION = 3.0;
				TEST_TARGET_NAME = Project;
			};
			name = Release;
		};
/* End XCBuildConfiguration section */

/* Begin XCConfigurationList section */
		4421130120CFA573002832DB /* Build configuration list for PBXProject "Project" */ = {
			isa = XCConfigurationList;
			buildConfigurations = (
				4421132F20CFA574002832DB /* Debug */,
				4421133020CFA574002832DB /* Release */,
			);
			defaultConfigurationIsVisible = 0;
			defaultConfigurationName = Release;
		};
		4421133120CFA574002832DB /* Build configuration list for PBXNativeTarget "Project" */ = {
			isa = XCConfigurationList;
			buildConfigurations = (
				4421133220CFA574002832DB /* Debug */,
				4421133320CFA574002832DB /* Release */,
			);
			defaultConfigurationIsVisible = 0;
		};
		4421133420CFA574002832DB /* Build configuration list for PBXNativeTarget "ProjectTests" */ = {
			isa = XCConfigurationList;
			buildConfigurations = (
				4421133520CFA574002832DB /* Debug */,
				4421133620CFA574002832DB /* Release */,
			);
			defaultConfigurationIsVisible = 0;
		};
		4421133720CFA574002832DB /* Build configuration list for PBXNativeTarget "ProjectUITests" */ = {
			isa = XCConfigurationList;
			buildConfigurations = (
				4421133820CFA574002832DB /* Debug */,
				4421133920CFA574002832DB /* Release */,
			);
			defaultConfigurationIsVisible = 0;
		};
/* End XCConfigurationList section */

/* Begin XCVersionGroup section */
		4421131020CFA573002832DB /* Project.xcdatamodeld */ = {
			isa = XCVersionGroup;
			children = (
				4421131120CFA573002832DB /* Project.xcdatamodel */,
			);
			currentVersion = 4421131120CFA573002832DB /* Project.xcdatamodel */;
			path = Project.xcdatamodeld;
			sourceTree = "<group>";
			versionGroupType = wrapper.xcdatamodel;
		};
/* End XCVersionGroup section */
	};
	rootObject = 442112FE20CFA573002832DB /* Project object */;
}
